[root]
name = "rustpusher"
version = "1.0.0"
dependencies = [
 "libretro-backend 0.3.0 (git+https://github.com/Shadlock0133/libretro-backend)",
]

[[package]]
name = "libc"
version = "0.2.30"
source = "registry+https://github.com/rust-lang/crates.io-index"

[[package]]
name = "libretro-backend"
version = "0.3.0"
source = "git+https://github.com/Shadlock0133/libretro-backend#b23d56d9669dcd8c18de37291e9c4fa387ff6e8d"
dependencies = [
 "libc 0.2.30 (registry+https://github.com/rust-lang/crates.io-index)",
 "libretro-sys 0.1.0 (registry+https://github.com/rust-lang/crates.io-index)",
]

[[package]]
name = "libretro-sys"
version = "0.1.0"
source = "registry+https://github.com/rust-lang/crates.io-index"
dependencies = [
 "libc 0.2.30 (registry+https://github.com/rust-lang/crates.io-index)",
]

[metadata]
"checksum libc 0.2.30 (registry+https://github.com/rust-lang/crates.io-index)" = "2370ca07ec338939e356443dac2296f581453c35fe1e3a3ed06023c49435f915"
"checksum libretro-backend 0.3.0 (git+https://github.com/Shadlock0133/libretro-backend)" = "<none>"
"checksum libretro-sys 0.1.0 (registry+https://github.com/rust-lang/crates.io-index)" = "19465a3a0d54ad81f1abc5937971a36e6922c69d0ba612b78a35f83f32ce9ffe"
